
Microsoft Visual Studio Solution File, Format Version 12.00
# Visual Studio Version 16
VisualStudioVersion = 16.0.35229.62
MinimumVisualStudioVersion = 10.0.40219.1
Project("{FAE04EC0-301F-11D3-BF4B-00C04F79EFBC}") = "CoreViewBagViewData", "CoreViewBagViewData\CoreViewBagViewData.csproj", "{36D02D36-841D-45A0-9221-CABF21B06C76}"
EndProject
Global
	GlobalSection(SolutionConfigurationPlatforms) = preSolution
		Debug|Any CPU = Debug|Any CPU
		Release|Any CPU = Release|Any CPU
	EndGlobalSection
	GlobalSection(ProjectConfigurationPlatforms) = postSolution
		{36D02D36-841D-45A0-9221-CABF21B06C76}.Debug|Any CPU.ActiveCfg = Debug|Any CPU
		{36D02D36-841D-45A0-9221-CABF21B06C76}.Debug|Any CPU.Build.0 = Debug|Any CPU
		{36D02D36-841D-45A0-9221-CABF21B06C76}.Release|Any CPU.ActiveCfg = Release|Any CPU
		{36D02D36-841D-45A0-9221-CABF21B06C76}.Release|Any CPU.Build.0 = Release|Any CPU
	EndGlobalSection
	GlobalSection(SolutionProperties) = preSolution
		HideSolutionNode = FALSE
	EndGlobalSection
	GlobalSection(ExtensibilityGlobals) = postSolution
		SolutionGuid = {FA4B83D7-488B-44A3-B74F-465E583A3203}
	EndGlobalSection
EndGlobal
